{
  "name": "drafft-support-mail",
  "lockfileVersion": 3,
  "requires": true,
  "packages": {
    "": {
      "name": "drafft-support-mail",
      "dependencies": {
        "postal-mime": "4.0.0"
      }
    },
    "node_modules/postal-mime": {
      "version": "4.0.0",
      "resolved": "https://registry.npmjs.org/postal-mime/-/postal-mime-4.0.0.tgz",
      "integrity": "sha512-pmAD50GSuJ6Njf7oa4bleSsYrPy8UYxTRmxVFFwysOm2p8t4C3DFEmP+j7tkvQzPdFUT0X1PuzJvrnb2Sx40BA==",
      "license": "MIT-0",
      "engines": {
        "node": ">=20"
      }
    }
  }
}
